// !$*UTF8*$!
{
	archiveVersion = 1;
	classes = {
	};
	objectVersion = 55;
	objects = {

/* Begin PBXBuildFile section */
		37EAF4BEBE29C02380999210 /* Pods_nftjam.framework in Frameworks */ = {isa = PBXBuildFile; fileRef = E1FDE74F2C073C141CBABB67 /* Pods_nftjam.framework */; };
		920614AA27E5993200249682 /* YoutubeUploadViewController.swift in Sources */ = {isa = PBXBuildFile; fileRef = 920614A927E5993200249682 /* YoutubeUploadViewController.swift */; };
		920614AC27E5995500249682 /* YoutubeUploadView.swift in Sources */ = {isa = PBXBuildFile; fileRef = 920614AB27E5995500249682 /* YoutubeUploadView.swift */; };
		929D273C27E3FCD700455373 /* AppDelegate.swift in Sources */ = {isa = PBXBuildFile; fileRef = 929D273B27E3FCD700455373 /* AppDelegate.swift */; };
		929D274027E3FCD700455373 /* MontageViewController.swift in Sources */ = {isa = PBXBuildFile; fileRef = 929D273F27E3FCD700455373 /* MontageViewController.swift */; };
		929D274527E3FCD800455373 /* Assets.xcassets in Resources */ = {isa = PBXBuildFile; fileRef = 929D274427E3FCD800455373 /* Assets.xcassets */; };
		929D274827E3FCD800455373 /* LaunchScreen.storyboard in Resources */ = {isa = PBXBuildFile; fileRef = 929D274627E3FCD800455373 /* LaunchScreen.storyboard */; };
		929D275127E40D3A00455373 /* MontageView.swift in Sources */ = {isa = PBXBuildFile; fileRef = 929D275027E40D3A00455373 /* MontageView.swift */; };
		929D275327E40E8D00455373 /* ThumbnailView.swift in Sources */ = {isa = PBXBuildFile; fileRef = 929D275227E40E8D00455373 /* ThumbnailView.swift */; };
		929D275527E40EC200455373 /* NFTTagView.swift in Sources */ = {isa = PBXBuildFile; fileRef = 929D275427E40EC200455373 /* NFTTagView.swift */; };
		929D275827E44F3A00455373 /* ColorExtension.swift in Sources */ = {isa = PBXBuildFile; fileRef = 929D275727E44F3A00455373 /* ColorExtension.swift */; };
		929D275A27E45ED000455373 /* CustomButton.swift in Sources */ = {isa = PBXBuildFile; fileRef = 929D275927E45ED000455373 /* CustomButton.swift */; };
		92C64F4C27E850150007BA24 /* EthAddressViewController.swift in Sources */ = {isa = PBXBuildFile; fileRef = 92C64F4B27E850150007BA24 /* EthAddressViewController.swift */; };
		92C64F4E27E850250007BA24 /* EthAdressView.swift in Sources */ = {isa = PBXBuildFile; fileRef = 92C64F4D27E850250007BA24 /* EthAdressView.swift */; };
		92C64F5127E973BD0007BA24 /* SendEthViewController.swift in Sources */ = {isa = PBXBuildFile; fileRef = 92C64F5027E973BD0007BA24 /* SendEthViewController.swift */; };
		92C64F5327E973CD0007BA24 /* SendEthView.swift in Sources */ = {isa = PBXBuildFile; fileRef = 92C64F5227E973CD0007BA24 /* SendEthView.swift */; };
		92C64F5527E974950007BA24 /* UploadViewController.swift in Sources */ = {isa = PBXBuildFile; fileRef = 92C64F5427E974950007BA24 /* UploadViewController.swift */; };
		92C64F5727E974AB0007BA24 /* UploadView.swift in Sources */ = {isa = PBXBuildFile; fileRef = 92C64F5627E974AB0007BA24 /* UploadView.swift */; };
/* End PBXBuildFile section */

/* Begin PBXFileReference section */
		2B0A364314E3A281984A3AA7 /* Pods-nftjam.debug.xcconfig */ = {isa = PBXFileReference; includeInIndex = 1; lastKnownFileType = text.xcconfig; name = "Pods-nftjam.debug.xcconfig"; path = "Target Support Files/Pods-nftjam/Pods-nftjam.debug.xcconfig"; sourceTree = "<group>"; };
		3AB9FED266ACD2F5F52957C3 /* Pods-nftjam.release.xcconfig */ = {isa = PBXFileReference; includeInIndex = 1; lastKnownFileType = text.xcconfig; name = "Pods-nftjam.release.xcconfig"; path = "Target Support Files/Pods-nftjam/Pods-nftjam.release.xcconfig"; sourceTree = "<group>"; };
		920614A927E5993200249682 /* YoutubeUploadViewController.swift */ = {isa = PBXFileReference; lastKnownFileType = sourcecode.swift; path = YoutubeUploadViewController.swift; sourceTree = "<group>"; };
		920614AB27E5995500249682 /* YoutubeUploadView.swift */ = {isa = PBXFileReference; lastKnownFileType = sourcecode.swift; path = YoutubeUploadView.swift; sourceTree = "<group>"; };
		929D273827E3FCD700455373 /* nftjam.app */ = {isa = PBXFileReference; explicitFileType = wrapper.application; includeInIndex = 0; path = nftjam.app; sourceTree = BUILT_PRODUCTS_DIR; };
		929D273B27E3FCD700455373 /* AppDelegate.swift */ = {isa = PBXFileReference; lastKnownFileType = sourcecode.swift; path = AppDelegate.swift; sourceTree = "<group>"; };
		929D273F27E3FCD700455373 /* MontageViewController.swift */ = {isa = PBXFileReference; lastKnownFileType = sourcecode.swift; path = MontageViewController.swift; sourceTree = "<group>"; };
		929D274427E3FCD800455373 /* Assets.xcassets */ = {isa = PBXFileReference; lastKnownFileType = folder.assetcatalog; path = Assets.xcassets; sourceTree = "<group>"; };
		929D274727E3FCD800455373 /* Base */ = {isa = PBXFileReference; lastKnownFileType = file.storyboard; name = Base; path = Base.lproj/LaunchScreen.storyboard; sourceTree = "<group>"; };
		929D274927E3FCD800455373 /* Info.plist */ = {isa = PBXFileReference; lastKnownFileType = text.plist.xml; path = Info.plist; sourceTree = "<group>"; };
		929D275027E40D3A00455373 /* MontageView.swift */ = {isa = PBXFileReference; lastKnownFileType = sourcecode.swift; path = MontageView.swift; sourceTree = "<group>"; };
		929D275227E40E8D00455373 /* ThumbnailView.swift */ = {isa = PBXFileReference; lastKnownFileType = sourcecode.swift; path = ThumbnailView.swift; sourceTree = "<group>"; };
		929D275427E40EC200455373 /* NFTTagView.swift */ = {isa = PBXFileReference; lastKnownFileType = sourcecode.swift; path = NFTTagView.swift; sourceTree = "<group>"; };
		929D275727E44F3A00455373 /* ColorExtension.swift */ = {isa = PBXFileReference; lastKnownFileType = sourcecode.swift; path = ColorExtension.swift; sourceTree = "<group>"; };
		929D275927E45ED000455373 /* CustomButton.swift */ = {isa = PBXFileReference; lastKnownFileType = sourcecode.swift; path = CustomButton.swift; sourceTree = "<group>"; };
		92C64F4B27E850150007BA24 /* EthAddressViewController.swift */ = {isa = PBXFileReference; lastKnownFileType = sourcecode.swift; path = EthAddressViewController.swift; sourceTree = "<group>"; };
		92C64F4D27E850250007BA24 /* EthAdressView.swift */ = {isa = PBXFileReference; lastKnownFileType = sourcecode.swift; path = EthAdressView.swift; sourceTree = "<group>"; };
		92C64F5027E973BD0007BA24 /* SendEthViewController.swift */ = {isa = PBXFileReference; lastKnownFileType = sourcecode.swift; path = SendEthViewController.swift; sourceTree = "<group>"; };
		92C64F5227E973CD0007BA24 /* SendEthView.swift */ = {isa = PBXFileReference; lastKnownFileType = sourcecode.swift; path = SendEthView.swift; sourceTree = "<group>"; };
		92C64F5427E974950007BA24 /* UploadViewController.swift */ = {isa = PBXFileReference; lastKnownFileType = sourcecode.swift; path = UploadViewController.swift; sourceTree = "<group>"; };
		92C64F5627E974AB0007BA24 /* UploadView.swift */ = {isa = PBXFileReference; lastKnownFileType = sourcecode.swift; path = UploadView.swift; sourceTree = "<group>"; };
		E1FDE74F2C073C141CBABB67 /* Pods_nftjam.framework */ = {isa = PBXFileReference; explicitFileType = wrapper.framework; includeInIndex = 0; path = Pods_nftjam.framework; sourceTree = BUILT_PRODUCTS_DIR; };
/* End PBXFileReference section */

/* Begin PBXFrameworksBuildPhase section */
		929D273527E3FCD700455373 /* Frameworks */ = {
			isa = PBXFrameworksBuildPhase;
			buildActionMask = 2147483647;
			files = (
				37EAF4BEBE29C02380999210 /* Pods_nftjam.framework in Frameworks */,
			);
			runOnlyForDeploymentPostprocessing = 0;
		};
/* End PBXFrameworksBuildPhase section */

/* Begin PBXGroup section */
		127845B1AE15931C26869816 /* Frameworks */ = {
			isa = PBXGroup;
			children = (
				E1FDE74F2C073C141CBABB67 /* Pods_nftjam.framework */,
			);
			name = Frameworks;
			sourceTree = "<group>";
		};
		61BDD0752CB1818C9EF1C9F2 /* Pods */ = {
			isa = PBXGroup;
			children = (
				2B0A364314E3A281984A3AA7 /* Pods-nftjam.debug.xcconfig */,
				3AB9FED266ACD2F5F52957C3 /* Pods-nftjam.release.xcconfig */,
			);
			path = Pods;
			sourceTree = "<group>";
		};
		920614A827E5991800249682 /* Upload */ = {
			isa = PBXGroup;
			children = (
				92C64F4F27E973A50007BA24 /* Send Eth */,
				92C64F4A27E845790007BA24 /* Eth Address */,
				920614AD27E5B54100249682 /* Youtube */,
				92C64F5427E974950007BA24 /* UploadViewController.swift */,
				92C64F5627E974AB0007BA24 /* UploadView.swift */,
			);
			path = Upload;
			sourceTree = "<group>";
		};
		920614AD27E5B54100249682 /* Youtube */ = {
			isa = PBXGroup;
			children = (
				920614A927E5993200249682 /* YoutubeUploadViewController.swift */,
				920614AB27E5995500249682 /* YoutubeUploadView.swift */,
			);
			path = Youtube;
			sourceTree = "<group>";
		};
		929D272F27E3FCD700455373 = {
			isa = PBXGroup;
			children = (
				929D273A27E3FCD700455373 /* nftjam */,
				929D273927E3FCD700455373 /* Products */,
				61BDD0752CB1818C9EF1C9F2 /* Pods */,
				127845B1AE15931C26869816 /* Frameworks */,
			);
			sourceTree = "<group>";
		};
		929D273927E3FCD700455373 /* Products */ = {
			isa = PBXGroup;
			children = (
				929D273827E3FCD700455373 /* nftjam.app */,
			);
			name = Products;
			sourceTree = "<group>";
		};
		929D273A27E3FCD700455373 /* nftjam */ = {
			isa = PBXGroup;
			children = (
				920614A827E5991800249682 /* Upload */,
				929D275627E44F0000455373 /* Helpers */,
				929D274F27E40A5D00455373 /* Montage */,
				929D273B27E3FCD700455373 /* AppDelegate.swift */,
				929D274427E3FCD800455373 /* Assets.xcassets */,
				929D274627E3FCD800455373 /* LaunchScreen.storyboard */,
				929D274927E3FCD800455373 /* Info.plist */,
			);
			path = nftjam;
			sourceTree = "<group>";
		};
		929D274F27E40A5D00455373 /* Montage */ = {
			isa = PBXGroup;
			children = (
				929D273F27E3FCD700455373 /* MontageViewController.swift */,
				929D275027E40D3A00455373 /* MontageView.swift */,
				929D275227E40E8D00455373 /* ThumbnailView.swift */,
				929D275427E40EC200455373 /* NFTTagView.swift */,
			);
			path = Montage;
			sourceTree = "<group>";
		};
		929D275627E44F0000455373 /* Helpers */ = {
			isa = PBXGroup;
			children = (
				929D275727E44F3A00455373 /* ColorExtension.swift */,
				929D275927E45ED000455373 /* CustomButton.swift */,
			);
			path = Helpers;
			sourceTree = "<group>";
		};
		92C64F4A27E845790007BA24 /* Eth Address */ = {
			isa = PBXGroup;
			children = (
				92C64F4B27E850150007BA24 /* EthAddressViewController.swift */,
				92C64F4D27E850250007BA24 /* EthAdressView.swift */,
			);
			path = "Eth Address";
			sourceTree = "<group>";
		};
		92C64F4F27E973A50007BA24 /* Send Eth */ = {
			isa = PBXGroup;
			children = (
				92C64F5027E973BD0007BA24 /* SendEthViewController.swift */,
				92C64F5227E973CD0007BA24 /* SendEthView.swift */,
			);
			path = "Send Eth";
			sourceTree = "<group>";
		};
/* End PBXGroup section */

/* Begin PBXNativeTarget section */
		929D273727E3FCD700455373 /* nftjam */ = {
			isa = PBXNativeTarget;
			buildConfigurationList = 929D274C27E3FCD800455373 /* Build configuration list for PBXNativeTarget "nftjam" */;
			buildPhases = (
				75401403ED1B2ACA4715AA9B /* [CP] Check Pods Manifest.lock */,
				929D273427E3FCD700455373 /* Sources */,
				929D273527E3FCD700455373 /* Frameworks */,
				929D273627E3FCD700455373 /* Resources */,
				30DBED1C1911774A9ED2361F /* [CP] Embed Pods Frameworks */,
			);
			buildRules = (
			);
			dependencies = (
			);
			name = nftjam;
			productName = nftjam;
			productReference = 929D273827E3FCD700455373 /* nftjam.app */;
			productType = "com.apple.product-type.application";
		};
/* End PBXNativeTarget section */

/* Begin PBXProject section */
		929D273027E3FCD700455373 /* Project object */ = {
			isa = PBXProject;
			attributes = {
				BuildIndependentTargetsInParallel = 1;
				LastSwiftUpdateCheck = 1330;
				LastUpgradeCheck = 1330;
				TargetAttributes = {
					929D273727E3FCD700455373 = {
						CreatedOnToolsVersion = 13.3;
					};
				};
			};
			buildConfigurationList = 929D273327E3FCD700455373 /* Build configuration list for PBXProject "nftjam" */;
			compatibilityVersion = "Xcode 13.0";
			developmentRegion = en;
			hasScannedForEncodings = 0;
			knownRegions = (
				en,
				Base,
			);
			mainGroup = 929D272F27E3FCD700455373;
			productRefGroup = 929D273927E3FCD700455373 /* Products */;
			projectDirPath = "";
			projectRoot = "";
			targets = (
				929D273727E3FCD700455373 /* nftjam */,
			);
		};
/* End PBXProject section */

/* Begin PBXResourcesBuildPhase section */
		929D273627E3FCD700455373 /* Resources */ = {
			isa = PBXResourcesBuildPhase;
			buildActionMask = 2147483647;
			files = (
				929D274827E3FCD800455373 /* LaunchScreen.storyboard in Resources */,
				929D274527E3FCD800455373 /* Assets.xcassets in Resources */,
			);
			runOnlyForDeploymentPostprocessing = 0;
		};
/* End PBXResourcesBuildPhase section */

/* Begin PBXShellScriptBuildPhase section */
		30DBED1C1911774A9ED2361F /* [CP] Embed Pods Frameworks */ = {
			isa = PBXShellScriptBuildPhase;
			buildActionMask = 2147483647;
			files = (
			);
			inputFileListPaths = (
				"${PODS_ROOT}/Target Support Files/Pods-nftjam/Pods-nftjam-frameworks-${CONFIGURATION}-input-files.xcfilelist",
			);
			name = "[CP] Embed Pods Frameworks";
			outputFileListPaths = (
				"${PODS_ROOT}/Target Support Files/Pods-nftjam/Pods-nftjam-frameworks-${CONFIGURATION}-output-files.xcfilelist",
			);
			runOnlyForDeploymentPostprocessing = 0;
			shellPath = /bin/sh;
			shellScript = "\"${PODS_ROOT}/Target Support Files/Pods-nftjam/Pods-nftjam-frameworks.sh\"\n";
			showEnvVarsInLog = 0;
		};
		75401403ED1B2ACA4715AA9B /* [CP] Check Pods Manifest.lock */ = {
			isa = PBXShellScriptBuildPhase;
			buildActionMask = 2147483647;
			files = (
			);
			inputFileListPaths = (
			);
			inputPaths = (
				"${PODS_PODFILE_DIR_PATH}/Podfile.lock",
				"${PODS_ROOT}/Manifest.lock",
			);
			name = "[CP] Check Pods Manifest.lock";
			outputFileListPaths = (
			);
			outputPaths = (
				"$(DERIVED_FILE_DIR)/Pods-nftjam-checkManifestLockResult.txt",
			);
			runOnlyForDeploymentPostprocessing = 0;
			shellPath = /bin/sh;
			shellScript = "diff \"${PODS_PODFILE_DIR_PATH}/Podfile.lock\" \"${PODS_ROOT}/Manifest.lock\" > /dev/null\nif [ $? != 0 ] ; then\n    # print error to STDERR\n    echo \"error: The sandbox is not in sync with the Podfile.lock. Run 'pod install' or update your CocoaPods installation.\" >&2\n    exit 1\nfi\n# This output is used by Xcode 'outputs' to avoid re-running this script phase.\necho \"SUCCESS\" > \"${SCRIPT_OUTPUT_FILE_0}\"\n";
			showEnvVarsInLog = 0;
		};
/* End PBXShellScriptBuildPhase section */

/* Begin PBXSourcesBuildPhase section */
		929D273427E3FCD700455373 /* Sources */ = {
			isa = PBXSourcesBuildPhase;
			buildActionMask = 2147483647;
			files = (
				920614AC27E5995500249682 /* YoutubeUploadView.swift in Sources */,
				92C64F5527E974950007BA24 /* UploadViewController.swift in Sources */,
				929D275527E40EC200455373 /* NFTTagView.swift in Sources */,
				920614AA27E5993200249682 /* YoutubeUploadViewController.swift in Sources */,
				929D275127E40D3A00455373 /* MontageView.swift in Sources */,
				929D275327E40E8D00455373 /* ThumbnailView.swift in Sources */,
				92C64F5727E974AB0007BA24 /* UploadView.swift in Sources */,
				929D275827E44F3A00455373 /* ColorExtension.swift in Sources */,
				929D275A27E45ED000455373 /* CustomButton.swift in Sources */,
				92C64F4E27E850250007BA24 /* EthAdressView.swift in Sources */,
				92C64F5327E973CD0007BA24 /* SendEthView.swift in Sources */,
				92C64F5127E973BD0007BA24 /* SendEthViewController.swift in Sources */,
				929D274027E3FCD700455373 /* MontageViewController.swift in Sources */,
				929D273C27E3FCD700455373 /* AppDelegate.swift in Sources */,
				92C64F4C27E850150007BA24 /* EthAddressViewController.swift in Sources */,
			);
			runOnlyForDeploymentPostprocessing = 0;
		};
/* End PBXSourcesBuildPhase section */

/* Begin PBXVariantGroup section */
		929D274627E3FCD800455373 /* LaunchScreen.storyboard */ = {
			isa = PBXVariantGroup;
			children = (
				929D274727E3FCD800455373 /* Base */,
			);
			name = LaunchScreen.storyboard;
			sourceTree = "<group>";
		};
/* End PBXVariantGroup section */

/* Begin XCBuildConfiguration section */
		929D274A27E3FCD800455373 /* Debug */ = {
			isa = XCBuildConfiguration;
			buildSettings = {
				ALWAYS_SEARCH_USER_PATHS = NO;
				CLANG_ANALYZER_NONNULL = YES;
				CLANG_ANALYZER_NUMBER_OBJECT_CONVERSION = YES_AGGRESSIVE;
				CLANG_CXX_LANGUAGE_STANDARD = "gnu++17";
				CLANG_ENABLE_MODULES = YES;
				CLANG_ENABLE_OBJC_ARC = YES;
				CLANG_ENABLE_OBJC_WEAK = YES;
				CLANG_WARN_BLOCK_CAPTURE_AUTORELEASING = YES;
				CLANG_WARN_BOOL_CONVERSION = YES;
				CLANG_WARN_COMMA = YES;
				CLANG_WARN_CONSTANT_CONVERSION = YES;
				CLANG_WARN_DEPRECATED_OBJC_IMPLEMENTATIONS = YES;
				CLANG_WARN_DIRECT_OBJC_ISA_USAGE = YES_ERROR;
				CLANG_WARN_DOCUMENTATION_COMMENTS = YES;
				CLANG_WARN_EMPTY_BODY = YES;
				CLANG_WARN_ENUM_CONVERSION = YES;
				CLANG_WARN_INFINITE_RECURSION = YES;
				CLANG_WARN_INT_CONVERSION = YES;
				CLANG_WARN_NON_LITERAL_NULL_CONVERSION = YES;
				CLANG_WARN_OBJC_IMPLICIT_RETAIN_SELF = YES;
				CLANG_WARN_OBJC_LITERAL_CONVERSION = YES;
				CLANG_WARN_OBJC_ROOT_CLASS = YES_ERROR;
				CLANG_WARN_QUOTED_INCLUDE_IN_FRAMEWORK_HEADER = YES;
				CLANG_WARN_RANGE_LOOP_ANALYSIS = YES;
				CLANG_WARN_STRICT_PROTOTYPES = YES;
				CLANG_WARN_SUSPICIOUS_MOVE = YES;
				CLANG_WARN_UNGUARDED_AVAILABILITY = YES_AGGRESSIVE;
				CLANG_WARN_UNREACHABLE_CODE = YES;
				CLANG_WARN__DUPLICATE_METHOD_MATCH = YES;
				COPY_PHASE_STRIP = NO;
				DEBUG_INFORMATION_FORMAT = dwarf;
				ENABLE_STRICT_OBJC_MSGSEND = YES;
				ENABLE_TESTABILITY = YES;
				GCC_C_LANGUAGE_STANDARD = gnu11;
				GCC_DYNAMIC_NO_PIC = NO;
				GCC_NO_COMMON_BLOCKS = YES;
				GCC_OPTIMIZATION_LEVEL = 0;
				GCC_PREPROCESSOR_DEFINITIONS = (
					"DEBUG=1",
					"$(inherited)",
				);
				GCC_WARN_64_TO_32_BIT_CONVERSION = YES;
				GCC_WARN_ABOUT_RETURN_TYPE = YES_ERROR;
				GCC_WARN_UNDECLARED_SELECTOR = YES;
				GCC_WARN_UNINITIALIZED_AUTOS = YES_AGGRESSIVE;
				GCC_WARN_UNUSED_FUNCTION = YES;
				GCC_WARN_UNUSED_VARIABLE = YES;
				IPHONEOS_DEPLOYMENT_TARGET = 15.4;
				MTL_ENABLE_DEBUG_INFO = INCLUDE_SOURCE;
				MTL_FAST_MATH = YES;
				ONLY_ACTIVE_ARCH = YES;
				SDKROOT = iphoneos;
				SWIFT_ACTIVE_COMPILATION_CONDITIONS = DEBUG;
				SWIFT_OPTIMIZATION_LEVEL = "-Onone";
			};
			name = Debug;
		};
		929D274B27E3FCD800455373 /* Release */ = {
			isa = XCBuildConfiguration;
			buildSettings = {
				ALWAYS_SEARCH_USER_PATHS = NO;
				CLANG_ANALYZER_NONNULL = YES;
				CLANG_ANALYZER_NUMBER_OBJECT_CONVERSION = YES_AGGRESSIVE;
				CLANG_CXX_LANGUAGE_STANDARD = "gnu++17";
				CLANG_ENABLE_MODULES = YES;
				CLANG_ENABLE_OBJC_ARC = YES;
				CLANG_ENABLE_OBJC_WEAK = YES;
				CLANG_WARN_BLOCK_CAPTURE_AUTORELEASING = YES;
				CLANG_WARN_BOOL_CONVERSION = YES;
				CLANG_WARN_COMMA = YES;
				CLANG_WARN_CONSTANT_CONVERSION = YES;
				CLANG_WARN_DEPRECATED_OBJC_IMPLEMENTATIONS = YES;
				CLANG_WARN_DIRECT_OBJC_ISA_USAGE = YES_ERROR;
				CLANG_WARN_DOCUMENTATION_COMMENTS = YES;
				CLANG_WARN_EMPTY_BODY = YES;
				CLANG_WARN_ENUM_CONVERSION = YES;
				CLANG_WARN_INFINITE_RECURSION = YES;
				CLANG_WARN_INT_CONVERSION = YES;
				CLANG_WARN_NON_LITERAL_NULL_CONVERSION = YES;
				CLANG_WARN_OBJC_IMPLICIT_RETAIN_SELF = YES;
				CLANG_WARN_OBJC_LITERAL_CONVERSION = YES;
				CLANG_WARN_OBJC_ROOT_CLASS = YES_ERROR;
				CLANG_WARN_QUOTED_INCLUDE_IN_FRAMEWORK_HEADER = YES;
				CLANG_WARN_RANGE_LOOP_ANALYSIS = YES;
				CLANG_WARN_STRICT_PROTOTYPES = YES;
				CLANG_WARN_SUSPICIOUS_MOVE = YES;
				CLANG_WARN_UNGUARDED_AVAILABILITY = YES_AGGRESSIVE;
				CLANG_WARN_UNREACHABLE_CODE = YES;
				CLANG_WARN__DUPLICATE_METHOD_MATCH = YES;
				COPY_PHASE_STRIP = NO;
				DEBUG_INFORMATION_FORMAT = "dwarf-with-dsym";
				ENABLE_NS_ASSERTIONS = NO;
				ENABLE_STRICT_OBJC_MSGSEND = YES;
				GCC_C_LANGUAGE_STANDARD = gnu11;
				GCC_NO_COMMON_BLOCKS = YES;
				GCC_WARN_64_TO_32_BIT_CONVERSION = YES;
				GCC_WARN_ABOUT_RETURN_TYPE = YES_ERROR;
				GCC_WARN_UNDECLARED_SELECTOR = YES;
				GCC_WARN_UNINITIALIZED_AUTOS = YES_AGGRESSIVE;
				GCC_WARN_UNUSED_FUNCTION = YES;
				GCC_WARN_UNUSED_VARIABLE = YES;
				IPHONEOS_DEPLOYMENT_TARGET = 15.4;
				MTL_ENABLE_DEBUG_INFO = NO;
				MTL_FAST_MATH = YES;
				SDKROOT = iphoneos;
				SWIFT_COMPILATION_MODE = wholemodule;
				SWIFT_OPTIMIZATION_LEVEL = "-O";
				VALIDATE_PRODUCT = YES;
			};
			name = Release;
		};
		929D274D27E3FCD800455373 /* Debug */ = {
			isa = XCBuildConfiguration;
			baseConfigurationReference = 2B0A364314E3A281984A3AA7 /* Pods-nftjam.debug.xcconfig */;
			buildSettings = {
				ASSETCATALOG_COMPILER_APPICON_NAME = AppIcon;
				ASSETCATALOG_COMPILER_GLOBAL_ACCENT_COLOR_NAME = AccentColor;
				CODE_SIGN_STYLE = Automatic;
				CURRENT_PROJECT_VERSION = 1;
				DEVELOPMENT_TEAM = WGU25444T9;
				GENERATE_INFOPLIST_FILE = YES;
				INFOPLIST_FILE = nftjam/Info.plist;
				INFOPLIST_KEY_UIApplicationSupportsIndirectInputEvents = YES;
				INFOPLIST_KEY_UILaunchStoryboardName = LaunchScreen;
				INFOPLIST_KEY_UISupportedInterfaceOrientations_iPad = "UIInterfaceOrientationPortrait UIInterfaceOrientationPortraitUpsideDown UIInterfaceOrientationLandscapeLeft UIInterfaceOrientationLandscapeRight";
				INFOPLIST_KEY_UISupportedInterfaceOrientations_iPhone = "UIInterfaceOrientationPortrait UIInterfaceOrientationLandscapeLeft UIInterfaceOrientationLandscapeRight";
				IPHONEOS_DEPLOYMENT_TARGET = 12.0;
				LD_RUNPATH_SEARCH_PATHS = (
					"$(inherited)",
					"@executable_path/Frameworks",
				);
				MARKETING_VERSION = 1.0;
				PRODUCT_BUNDLE_IDENTIFIER = danielchangsoojones.nftjam;
				PRODUCT_NAME = "$(TARGET_NAME)";
				SWIFT_EMIT_LOC_STRINGS = YES;
				SWIFT_VERSION = 5.0;
				TARGETED_DEVICE_FAMILY = "1,2";
			};
			name = Debug;
		};
		929D274E27E3FCD800455373 /* Release */ = {
			isa = XCBuildConfiguration;
			baseConfigurationReference = 3AB9FED266ACD2F5F52957C3 /* Pods-nftjam.release.xcconfig */;
			buildSettings = {
				ASSETCATALOG_COMPILER_APPICON_NAME = AppIcon;
				ASSETCATALOG_COMPILER_GLOBAL_ACCENT_COLOR_NAME = AccentColor;
				CODE_SIGN_STYLE = Automatic;
				CURRENT_PROJECT_VERSION = 1;
				DEVELOPMENT_TEAM = WGU25444T9;
				GENERATE_INFOPLIST_FILE = YES;
				INFOPLIST_FILE = nftjam/Info.plist;
				INFOPLIST_KEY_UIApplicationSupportsIndirectInputEvents = YES;
				INFOPLIST_KEY_UILaunchStoryboardName = LaunchScreen;
				INFOPLIST_KEY_UISupportedInterfaceOrientations_iPad = "UIInterfaceOrientationPortrait UIInterfaceOrientationPortraitUpsideDown UIInterfaceOrientationLandscapeLeft UIInterfaceOrientationLandscapeRight";
				INFOPLIST_KEY_UISupportedInterfaceOrientations_iPhone = "UIInterfaceOrientationPortrait UIInterfaceOrientationLandscapeLeft UIInterfaceOrientationLandscapeRight";
				IPHONEOS_DEPLOYMENT_TARGET = 12.0;
				LD_RUNPATH_SEARCH_PATHS = (
					"$(inherited)",
					"@executable_path/Frameworks",
				);
				MARKETING_VERSION = 1.0;
				PRODUCT_BUNDLE_IDENTIFIER = danielchangsoojones.nftjam;
				PRODUCT_NAME = "$(TARGET_NAME)";
				SWIFT_EMIT_LOC_STRINGS = YES;
				SWIFT_VERSION = 5.0;
				TARGETED_DEVICE_FAMILY = "1,2";
			};
			name = Release;
		};
/* End XCBuildConfiguration section */

/* Begin XCConfigurationList section */
		929D273327E3FCD700455373 /* Build configuration list for PBXProject "nftjam" */ = {
			isa = XCConfigurationList;
			buildConfigurations = (
				929D274A27E3FCD800455373 /* Debug */,
				929D274B27E3FCD800455373 /* Release */,
			);
			defaultConfigurationIsVisible = 0;
			defaultConfigurationName = Release;
		};
		929D274C27E3FCD800455373 /* Build configuration list for PBXNativeTarget "nftjam" */ = {
			isa = XCConfigurationList;
			buildConfigurations = (
				929D274D27E3FCD800455373 /* Debug */,
				929D274E27E3FCD800455373 /* Release */,
			);
			defaultConfigurationIsVisible = 0;
			defaultConfigurationName = Release;
		};
/* End XCConfigurationList section */
	};
	rootObject = 929D273027E3FCD700455373 /* Project object */;
}
